// !$*UTF8*$!
{
	archiveVersion = 1;
	classes = {
	};
	objectVersion = 56;
	objects = {

/* Begin PBXBuildFile section */
		174CA7A829F85428003F5D4D /* WorkoutApp.swift in Sources */ = {isa = PBXBuildFile; fileRef = 174CA7A729F85428003F5D4D /* WorkoutApp.swift */; };
		174CA7AA29F85428003F5D4D /* MainView.swift in Sources */ = {isa = PBXBuildFile; fileRef = 174CA7A929F85428003F5D4D /* MainView.swift */; };
		174CA7AC29F85429003F5D4D /* Assets.xcassets in Resources */ = {isa = PBXBuildFile; fileRef = 174CA7AB29F85429003F5D4D /* Assets.xcassets */; };
		174CA7AF29F85429003F5D4D /* Preview Assets.xcassets in Resources */ = {isa = PBXBuildFile; fileRef = 174CA7AE29F85429003F5D4D /* Preview Assets.xcassets */; };
		174CA7B729F86321003F5D4D /* PrimaryButtonStyle.swift in Sources */ = {isa = PBXBuildFile; fileRef = 174CA7B629F86321003F5D4D /* PrimaryButtonStyle.swift */; };
		174CA7B929F863D4003F5D4D /* ColorForButtons.swift in Sources */ = {isa = PBXBuildFile; fileRef = 174CA7B829F863D4003F5D4D /* ColorForButtons.swift */; };
		174CA7BB29FE89E7003F5D4D /* CreateWorkout.swift in Sources */ = {isa = PBXBuildFile; fileRef = 174CA7BA29FE89E7003F5D4D /* CreateWorkout.swift */; };
		174CA7BE29FE8ED7003F5D4D /* TitleWithButton.swift in Sources */ = {isa = PBXBuildFile; fileRef = 174CA7BD29FE8ED7003F5D4D /* TitleWithButton.swift */; };
/* End PBXBuildFile section */

/* Begin PBXFileReference section */
		174CA7A429F85428003F5D4D /* WorkoutApp.app */ = {isa = PBXFileReference; explicitFileType = wrapper.application; includeInIndex = 0; path = WorkoutApp.app; sourceTree = BUILT_PRODUCTS_DIR; };
		174CA7A729F85428003F5D4D /* WorkoutApp.swift */ = {isa = PBXFileReference; lastKnownFileType = sourcecode.swift; path = WorkoutApp.swift; sourceTree = "<group>"; };
		174CA7A929F85428003F5D4D /* MainView.swift */ = {isa = PBXFileReference; lastKnownFileType = sourcecode.swift; path = MainView.swift; sourceTree = "<group>"; };
		174CA7AB29F85429003F5D4D /* Assets.xcassets */ = {isa = PBXFileReference; lastKnownFileType = folder.assetcatalog; path = Assets.xcassets; sourceTree = "<group>"; };
		174CA7AE29F85429003F5D4D /* Preview Assets.xcassets */ = {isa = PBXFileReference; lastKnownFileType = folder.assetcatalog; path = "Preview Assets.xcassets"; sourceTree = "<group>"; };
		174CA7B629F86321003F5D4D /* PrimaryButtonStyle.swift */ = {isa = PBXFileReference; lastKnownFileType = sourcecode.swift; path = PrimaryButtonStyle.swift; sourceTree = "<group>"; };
		174CA7B829F863D4003F5D4D /* ColorForButtons.swift */ = {isa = PBXFileReference; lastKnownFileType = sourcecode.swift; path = ColorForButtons.swift; sourceTree = "<group>"; };
		174CA7BA29FE89E7003F5D4D /* CreateWorkout.swift */ = {isa = PBXFileReference; lastKnownFileType = sourcecode.swift; path = CreateWorkout.swift; sourceTree = "<group>"; };
		174CA7BD29FE8ED7003F5D4D /* TitleWithButton.swift */ = {isa = PBXFileReference; lastKnownFileType = sourcecode.swift; path = TitleWithButton.swift; sourceTree = "<group>"; };
/* End PBXFileReference section */

/* Begin PBXFrameworksBuildPhase section */
		174CA7A129F85428003F5D4D /* Frameworks */ = {
			isa = PBXFrameworksBuildPhase;
			buildActionMask = 2147483647;
			files = (
			);
			runOnlyForDeploymentPostprocessing = 0;
		};
/* End PBXFrameworksBuildPhase section */

/* Begin PBXGroup section */
		174CA79B29F85428003F5D4D = {
			isa = PBXGroup;
			children = (
				174CA7A629F85428003F5D4D /* WorkoutApp */,
				174CA7A529F85428003F5D4D /* Products */,
			);
			sourceTree = "<group>";
		};
		174CA7A529F85428003F5D4D /* Products */ = {
			isa = PBXGroup;
			children = (
				174CA7A429F85428003F5D4D /* WorkoutApp.app */,
			);
			name = Products;
			sourceTree = "<group>";
		};
		174CA7A629F85428003F5D4D /* WorkoutApp */ = {
			isa = PBXGroup;
			children = (
				174CA7B529F862F9003F5D4D /* Buttons */,
				174CA7A729F85428003F5D4D /* WorkoutApp.swift */,
				174CA7A929F85428003F5D4D /* MainView.swift */,
				174CA7BA29FE89E7003F5D4D /* CreateWorkout.swift */,
				174CA7BC29FE8EB9003F5D4D /* Utils */,
				174CA7AB29F85429003F5D4D /* Assets.xcassets */,
				174CA7AD29F85429003F5D4D /* Preview Content */,
			);
			path = WorkoutApp;
			sourceTree = "<group>";
		};
		174CA7AD29F85429003F5D4D /* Preview Content */ = {
			isa = PBXGroup;
			children = (
				174CA7AE29F85429003F5D4D /* Preview Assets.xcassets */,
			);
			path = "Preview Content";
			sourceTree = "<group>";
		};
		174CA7B529F862F9003F5D4D /* Buttons */ = {
			isa = PBXGroup;
			children = (
				174CA7B629F86321003F5D4D /* PrimaryButtonStyle.swift */,
				174CA7B829F863D4003F5D4D /* ColorForButtons.swift */,
			);
			name = Buttons;
			sourceTree = "<group>";
		};
		174CA7BC29FE8EB9003F5D4D /* Utils */ = {
			isa = PBXGroup;
			children = (
				174CA7BD29FE8ED7003F5D4D /* TitleWithButton.swift */,
			);
			path = Utils;
			sourceTree = "<group>";
		};
/* End PBXGroup section */

/* Begin PBXNativeTarget section */
		174CA7A329F85428003F5D4D /* WorkoutApp */ = {
			isa = PBXNativeTarget;
			buildConfigurationList = 174CA7B229F85429003F5D4D /* Build configuration list for PBXNativeTarget "WorkoutApp" */;
			buildPhases = (
				174CA7A029F85428003F5D4D /* Sources */,
				174CA7A129F85428003F5D4D /* Frameworks */,
				174CA7A229F85428003F5D4D /* Resources */,
			);
			buildRules = (
			);
			dependencies = (
			);
			name = WorkoutApp;
			productName = WorkoutApp;
			productReference = 174CA7A429F85428003F5D4D /* WorkoutApp.app */;
			productType = "com.apple.product-type.application";
		};
/* End PBXNativeTarget section */

/* Begin PBXProject section */
		174CA79C29F85428003F5D4D /* Project object */ = {
			isa = PBXProject;
			attributes = {
				BuildIndependentTargetsInParallel = 1;
				LastSwiftUpdateCheck = 1410;
				LastUpgradeCheck = 1410;
				TargetAttributes = {
					174CA7A329F85428003F5D4D = {
						CreatedOnToolsVersion = 14.1;
					};
				};
			};
			buildConfigurationList = 174CA79F29F85428003F5D4D /* Build configuration list for PBXProject "WorkoutApp" */;
			compatibilityVersion = "Xcode 14.0";
			developmentRegion = en;
			hasScannedForEncodings = 0;
			knownRegions = (
				en,
				Base,
			);
			mainGroup = 174CA79B29F85428003F5D4D;
			productRefGroup = 174CA7A529F85428003F5D4D /* Products */;
			projectDirPath = "";
			projectRoot = "";
			targets = (
				174CA7A329F85428003F5D4D /* WorkoutApp */,
			);
		};
/* End PBXProject section */

/* Begin PBXResourcesBuildPhase section */
		174CA7A229F85428003F5D4D /* Resources */ = {
			isa = PBXResourcesBuildPhase;
			buildActionMask = 2147483647;
			files = (
				174CA7AF29F85429003F5D4D /* Preview Assets.xcassets in Resources */,
				174CA7AC29F85429003F5D4D /* Assets.xcassets in Resources */,
			);
			runOnlyForDeploymentPostprocessing = 0;
		};
/* End PBXResourcesBuildPhase section */

/* Begin PBXSourcesBuildPhase section */
		174CA7A029F85428003F5D4D /* Sources */ = {
			isa = PBXSourcesBuildPhase;
			buildActionMask = 2147483647;
			files = (
				174CA7B729F86321003F5D4D /* PrimaryButtonStyle.swift in Sources */,
				174CA7B929F863D4003F5D4D /* ColorForButtons.swift in Sources */,
				174CA7BE29FE8ED7003F5D4D /* TitleWithButton.swift in Sources */,
				174CA7AA29F85428003F5D4D /* MainView.swift in Sources */,
				174CA7A829F85428003F5D4D /* WorkoutApp.swift in Sources */,
				174CA7BB29FE89E7003F5D4D /* CreateWorkout.swift in Sources */,
			);
			runOnlyForDeploymentPostprocessing = 0;
		};
/* End PBXSourcesBuildPhase section */

/* Begin XCBuildConfiguration section */
		174CA7B029F85429003F5D4D /* Debug */ = {
			isa = XCBuildConfiguration;
			buildSettings = {
				ALWAYS_SEARCH_USER_PATHS = NO;
				CLANG_ANALYZER_NONNULL = YES;
				CLANG_ANALYZER_NUMBER_OBJECT_CONVERSION = YES_AGGRESSIVE;
				CLANG_CXX_LANGUAGE_STANDARD = "gnu++20";
				CLANG_ENABLE_MODULES = YES;
				CLANG_ENABLE_OBJC_ARC = YES;
				CLANG_ENABLE_OBJC_WEAK = YES;
				CLANG_WARN_BLOCK_CAPTURE_AUTORELEASING = YES;
				CLANG_WARN_BOOL_CONVERSION = YES;
				CLANG_WARN_COMMA = YES;
				CLANG_WARN_CONSTANT_CONVERSION = YES;
				CLANG_WARN_DEPRECATED_OBJC_IMPLEMENTATIONS = YES;
				CLANG_WARN_DIRECT_OBJC_ISA_USAGE = YES_ERROR;
				CLANG_WARN_DOCUMENTATION_COMMENTS = YES;
				CLANG_WARN_EMPTY_BODY = YES;
				CLANG_WARN_ENUM_CONVERSION = YES;
				CLANG_WARN_INFINITE_RECURSION = YES;
				CLANG_WARN_INT_CONVERSION = YES;
				CLANG_WARN_NON_LITERAL_NULL_CONVERSION = YES;
				CLANG_WARN_OBJC_IMPLICIT_RETAIN_SELF = YES;
				CLANG_WARN_OBJC_LITERAL_CONVERSION = YES;
				CLANG_WARN_OBJC_ROOT_CLASS = YES_ERROR;
				CLANG_WARN_QUOTED_INCLUDE_IN_FRAMEWORK_HEADER = YES;
				CLANG_WARN_RANGE_LOOP_ANALYSIS = YES;
				CLANG_WARN_STRICT_PROTOTYPES = YES;
				CLANG_WARN_SUSPICIOUS_MOVE = YES;
				CLANG_WARN_UNGUARDED_AVAILABILITY = YES_AGGRESSIVE;
				CLANG_WARN_UNREACHABLE_CODE = YES;
				CLANG_WARN__DUPLICATE_METHOD_MATCH = YES;
				COPY_PHASE_STRIP = NO;
				DEBUG_INFORMATION_FORMAT = dwarf;
				ENABLE_STRICT_OBJC_MSGSEND = YES;
				ENABLE_TESTABILITY = YES;
				GCC_C_LANGUAGE_STANDARD = gnu11;
				GCC_DYNAMIC_NO_PIC = NO;
				GCC_NO_COMMON_BLOCKS = YES;
				GCC_OPTIMIZATION_LEVEL = 0;
				GCC_PREPROCESSOR_DEFINITIONS = (
					"DEBUG=1",
					"$(inherited)",
				);
				GCC_WARN_64_TO_32_BIT_CONVERSION = YES;
				GCC_WARN_ABOUT_RETURN_TYPE = YES_ERROR;
				GCC_WARN_UNDECLARED_SELECTOR = YES;
				GCC_WARN_UNINITIALIZED_AUTOS = YES_AGGRESSIVE;
				GCC_WARN_UNUSED_FUNCTION = YES;
				GCC_WARN_UNUSED_VARIABLE = YES;
				IPHONEOS_DEPLOYMENT_TARGET = 16.1;
				MTL_ENABLE_DEBUG_INFO = INCLUDE_SOURCE;
				MTL_FAST_MATH = YES;
				ONLY_ACTIVE_ARCH = YES;
				SDKROOT = iphoneos;
				SWIFT_ACTIVE_COMPILATION_CONDITIONS = DEBUG;
				SWIFT_OPTIMIZATION_LEVEL = "-Onone";
			};
			name = Debug;
		};
		174CA7B129F85429003F5D4D /* Release */ = {
			isa = XCBuildConfiguration;
			buildSettings = {
				ALWAYS_SEARCH_USER_PATHS = NO;
				CLANG_ANALYZER_NONNULL = YES;
				CLANG_ANALYZER_NUMBER_OBJECT_CONVERSION = YES_AGGRESSIVE;
				CLANG_CXX_LANGUAGE_STANDARD = "gnu++20";
				CLANG_ENABLE_MODULES = YES;
				CLANG_ENABLE_OBJC_ARC = YES;
				CLANG_ENABLE_OBJC_WEAK = YES;
				CLANG_WARN_BLOCK_CAPTURE_AUTORELEASING = YES;
				CLANG_WARN_BOOL_CONVERSION = YES;
				CLANG_WARN_COMMA = YES;
				CLANG_WARN_CONSTANT_CONVERSION = YES;
				CLANG_WARN_DEPRECATED_OBJC_IMPLEMENTATIONS = YES;
				CLANG_WARN_DIRECT_OBJC_ISA_USAGE = YES_ERROR;
				CLANG_WARN_DOCUMENTATION_COMMENTS = YES;
				CLANG_WARN_EMPTY_BODY = YES;
				CLANG_WARN_ENUM_CONVERSION = YES;
				CLANG_WARN_INFINITE_RECURSION = YES;
				CLANG_WARN_INT_CONVERSION = YES;
				CLANG_WARN_NON_LITERAL_NULL_CONVERSION = YES;
				CLANG_WARN_OBJC_IMPLICIT_RETAIN_SELF = YES;
				CLANG_WARN_OBJC_LITERAL_CONVERSION = YES;
				CLANG_WARN_OBJC_ROOT_CLASS = YES_ERROR;
				CLANG_WARN_QUOTED_INCLUDE_IN_FRAMEWORK_HEADER = YES;
				CLANG_WARN_RANGE_LOOP_ANALYSIS = YES;
				CLANG_WARN_STRICT_PROTOTYPES = YES;
				CLANG_WARN_SUSPICIOUS_MOVE = YES;
				CLANG_WARN_UNGUARDED_AVAILABILITY = YES_AGGRESSIVE;
				CLANG_WARN_UNREACHABLE_CODE = YES;
				CLANG_WARN__DUPLICATE_METHOD_MATCH = YES;
				COPY_PHASE_STRIP = NO;
				DEBUG_INFORMATION_FORMAT = "dwarf-with-dsym";
				ENABLE_NS_ASSERTIONS = NO;
				ENABLE_STRICT_OBJC_MSGSEND = YES;
				GCC_C_LANGUAGE_STANDARD = gnu11;
				GCC_NO_COMMON_BLOCKS = YES;
				GCC_WARN_64_TO_32_BIT_CONVERSION = YES;
				GCC_WARN_ABOUT_RETURN_TYPE = YES_ERROR;
				GCC_WARN_UNDECLARED_SELECTOR = YES;
				GCC_WARN_UNINITIALIZED_AUTOS = YES_AGGRESSIVE;
				GCC_WARN_UNUSED_FUNCTION = YES;
				GCC_WARN_UNUSED_VARIABLE = YES;
				IPHONEOS_DEPLOYMENT_TARGET = 16.1;
				MTL_ENABLE_DEBUG_INFO = NO;
				MTL_FAST_MATH = YES;
				SDKROOT = iphoneos;
				SWIFT_COMPILATION_MODE = wholemodule;
				SWIFT_OPTIMIZATION_LEVEL = "-O";
				VALIDATE_PRODUCT = YES;
			};
			name = Release;
		};
		174CA7B329F85429003F5D4D /* Debug */ = {
			isa = XCBuildConfiguration;
			buildSettings = {
				ASSETCATALOG_COMPILER_APPICON_NAME = AppIcon;
				ASSETCATALOG_COMPILER_GLOBAL_ACCENT_COLOR_NAME = AccentColor;
				CODE_SIGN_STYLE = Automatic;
				CURRENT_PROJECT_VERSION = 1;
				DEVELOPMENT_ASSET_PATHS = "\"WorkoutApp/Preview Content\"";
				ENABLE_PREVIEWS = YES;
				GENERATE_INFOPLIST_FILE = YES;
				INFOPLIST_KEY_UIApplicationSceneManifest_Generation = YES;
				INFOPLIST_KEY_UIApplicationSupportsIndirectInputEvents = YES;
				INFOPLIST_KEY_UILaunchScreen_Generation = YES;
				INFOPLIST_KEY_UISupportedInterfaceOrientations_iPad = "UIInterfaceOrientationPortrait UIInterfaceOrientationPortraitUpsideDown UIInterfaceOrientationLandscapeLeft UIInterfaceOrientationLandscapeRight";
				INFOPLIST_KEY_UISupportedInterfaceOrientations_iPhone = "UIInterfaceOrientationPortrait UIInterfaceOrientationLandscapeLeft UIInterfaceOrientationLandscapeRight";
				LD_RUNPATH_SEARCH_PATHS = (
					"$(inherited)",
					"@executable_path/Frameworks",
				);
				MARKETING_VERSION = 1.0;
				PRODUCT_BUNDLE_IDENTIFIER = Learning.WorkoutApp;
				PRODUCT_NAME = "$(TARGET_NAME)";
				SWIFT_EMIT_LOC_STRINGS = YES;
				SWIFT_VERSION = 5.0;
				TARGETED_DEVICE_FAMILY = "1,2";
			};
			name = Debug;
		};
		174CA7B429F85429003F5D4D /* Release */ = {
			isa = XCBuildConfiguration;
			buildSettings = {
				ASSETCATALOG_COMPILER_APPICON_NAME = AppIcon;
				ASSETCATALOG_COMPILER_GLOBAL_ACCENT_COLOR_NAME = AccentColor;
				CODE_SIGN_STYLE = Automatic;
				CURRENT_PROJECT_VERSION = 1;
				DEVELOPMENT_ASSET_PATHS = "\"WorkoutApp/Preview Content\"";
				ENABLE_PREVIEWS = YES;
				GENERATE_INFOPLIST_FILE = YES;
				INFOPLIST_KEY_UIApplicationSceneManifest_Generation = YES;
				INFOPLIST_KEY_UIApplicationSupportsIndirectInputEvents = YES;
				INFOPLIST_KEY_UILaunchScreen_Generation = YES;
				INFOPLIST_KEY_UISupportedInterfaceOrientations_iPad = "UIInterfaceOrientationPortrait UIInterfaceOrientationPortraitUpsideDown UIInterfaceOrientationLandscapeLeft UIInterfaceOrientationLandscapeRight";
				INFOPLIST_KEY_UISupportedInterfaceOrientations_iPhone = "UIInterfaceOrientationPortrait UIInterfaceOrientationLandscapeLeft UIInterfaceOrientationLandscapeRight";
				LD_RUNPATH_SEARCH_PATHS = (
					"$(inherited)",
					"@executable_path/Frameworks",
				);
				MARKETING_VERSION = 1.0;
				PRODUCT_BUNDLE_IDENTIFIER = Learning.WorkoutApp;
				PRODUCT_NAME = "$(TARGET_NAME)";
				SWIFT_EMIT_LOC_STRINGS = YES;
				SWIFT_VERSION = 5.0;
				TARGETED_DEVICE_FAMILY = "1,2";
			};
			name = Release;
		};
/* End XCBuildConfiguration section */

/* Begin XCConfigurationList section */
		174CA79F29F85428003F5D4D /* Build configuration list for PBXProject "WorkoutApp" */ = {
			isa = XCConfigurationList;
			buildConfigurations = (
				174CA7B029F85429003F5D4D /* Debug */,
				174CA7B129F85429003F5D4D /* Release */,
			);
			defaultConfigurationIsVisible = 0;
			defaultConfigurationName = Release;
		};
		174CA7B229F85429003F5D4D /* Build configuration list for PBXNativeTarget "WorkoutApp" */ = {
			isa = XCConfigurationList;
			buildConfigurations = (
				174CA7B329F85429003F5D4D /* Debug */,
				174CA7B429F85429003F5D4D /* Release */,
			);
			defaultConfigurationIsVisible = 0;
			defaultConfigurationName = Release;
		};
/* End XCConfigurationList section */
	};
	rootObject = 174CA79C29F85428003F5D4D /* Project object */;
}
